{
  "name": "assets",
  "lockfileVersion": 3,
  "requires": true,
  "packages": {
    "": {
      "dependencies": {
        "supersonic-scsynth": "^0.66.0",
        "supersonic-scsynth-core": "^0.66.0",
        "supersonic-scsynth-synthdefs": "^0.66.0"
      }
    },
    "node_modules/@thi.ng/api": {
      "version": "8.12.20",
      "resolved": "https://registry.npmjs.org/@thi.ng/api/-/api-8.12.20.tgz",
      "integrity": "sha512-p/RiX3byc44tI0/FPdqaPsbgo6RsUeJA9e9K+Pqm56rNIPjaQlYfaRkHTZlkEChqZed3HQgeoANxXj7jimSSdw==",
      "funding": [
        {
          "type": "github",
          "url": "https://github.com/sponsors/postspectacular"
        },
        {
          "type": "patreon",
          "url": "https://patreon.com/thing_umbrella"
        },
        {
          "type": "liberapay",
          "url": "https://liberapay.com/thi.ng"
        }
      ],
      "license": "Apache-2.0",
      "engines": {
        "node": ">=18"
      }
    },
    "node_modules/@thi.ng/binary": {
      "version": "3.6.9",
      "resolved": "https://registry.npmjs.org/@thi.ng/binary/-/binary-3.6.9.tgz",
      "integrity": "sha512-8PCAx+uv6BkSMlQQhX5pOwspoRjpvNvbvZkBCvpOP3vMYIr14no3lzPrCeL5u6dAkYweTkoKAuvD2yd82gdnHg==",
      "funding": [
        {
          "type": "github",
          "url": "https://github.com/sponsors/postspectacular"
        },
        {
          "type": "patreon",
          "url": "https://patreon.com/thing_umbrella"
        },
        {
          "type": "liberapay",
          "url": "https://liberapay.com/thi.ng"
        }
      ],
      "license": "Apache-2.0",
      "dependencies": {
        "@thi.ng/api": "^8.12.20"
      },
      "engines": {
        "node": ">=18"
      }
    },
    "node_modules/@thi.ng/checks": {
      "version": "3.9.0",
      "resolved": "https://registry.npmjs.org/@thi.ng/checks/-/checks-3.9.0.tgz",
      "integrity": "sha512-OAskmPCcrHUc2KQHSn0+/JTLpGAIc5tOLfctaDm+cpllQNsQo6K6DYL7jJvnW3j+D8rYmtWkePQFdXSj76pqoQ==",
      "funding": [
        {
          "type": "github",
          "url": "https://github.com/sponsors/postspectacular"
        },
        {
          "type": "patreon",
          "url": "https://patreon.com/thing_umbrella"
        },
        {
          "type": "liberapay",
          "url": "https://liberapay.com/thi.ng"
        }
      ],
      "license": "Apache-2.0",
      "engines": {
        "node": ">=18"
      }
    },
    "node_modules/@thi.ng/errors": {
      "version": "2.6.9",
      "resolved": "https://registry.npmjs.org/@thi.ng/errors/-/errors-2.6.9.tgz",
      "integrity": "sha512-LkeQq6n2oioFR7OvlLmpgGHxTO1f9e/23bgFvmDrZCLBsq/nm2iIVZPnbbk+vlD8DUpnIyVAPN1lF+z2Uzqpog==",
      "funding": [
        {
          "type": "github",
          "url": "https://github.com/sponsors/postspectacular"
        },
        {
          "type": "patreon",
          "url": "https://patreon.com/thing_umbrella"
        },
        {
          "type": "liberapay",
          "url": "https://liberapay.com/thi.ng"
        }
      ],
      "license": "Apache-2.0",
      "engines": {
        "node": ">=18"
      }
    },
    "node_modules/@thi.ng/malloc": {
      "version": "6.1.142",
      "resolved": "https://registry.npmjs.org/@thi.ng/malloc/-/malloc-6.1.142.tgz",
      "integrity": "sha512-H152R0q3tto1mz2i5WCZcJc/lI/ZWMO8KZsQqg53HWyrSI3aUITh01NV5GIxVbAPFRUg4Lkaq7eZtgSWVOXqaw==",
      "funding": [
        {
          "type": "github",
          "url": "https://github.com/sponsors/postspectacular"
        },
        {
          "type": "patreon",
          "url": "https://patreon.com/thing_umbrella"
        },
        {
          "type": "liberapay",
          "url": "https://liberapay.com/thi.ng"
        }
      ],
      "license": "Apache-2.0",
      "dependencies": {
        "@thi.ng/api": "^8.12.20",
        "@thi.ng/binary": "^3.6.9",
        "@thi.ng/checks": "^3.9.0",
        "@thi.ng/errors": "^2.6.9"
      },
      "engines": {
        "node": ">=18"
      }
    },
    "node_modules/supersonic-scsynth": {
      "version": "0.66.0",
      "resolved": "https://registry.npmjs.org/supersonic-scsynth/-/supersonic-scsynth-0.66.0.tgz",
      "integrity": "sha512-GoMr2EWVYXaVr7p9DjUP7k7aVMmeZ6tmIw4gJTtDiZr55YzsKVUl2EszWdSFcOF4A7WaE0SxLQbyePP/xOA4BA==",
      "license": "MIT",
      "workspaces": [
        "packages/supersonic-scsynth-core",
        "packages/supersonic-scsynth-samples",
        "packages/supersonic-scsynth-synthdefs"
      ],
      "dependencies": {
        "@thi.ng/malloc": "^6.1.128"
      },
      "engines": {
        "node": ">=18.0.0"
      }
    },
    "node_modules/supersonic-scsynth-core": {
      "version": "0.66.0",
      "resolved": "https://registry.npmjs.org/supersonic-scsynth-core/-/supersonic-scsynth-core-0.66.0.tgz",
      "integrity": "sha512-VKPdjIoD41slYcc4kntKAAIq+sMLwf4nYcN20fSdzm6qf57rtyMYEgg/U1JsalmE1S7FQ/+mkAVf4TKaL8iq3w==",
      "license": "GPL-3.0-or-later"
    },
    "node_modules/supersonic-scsynth-synthdefs": {
      "version": "0.66.0",
      "resolved": "https://registry.npmjs.org/supersonic-scsynth-synthdefs/-/supersonic-scsynth-synthdefs-0.66.0.tgz",
      "integrity": "sha512-xT5E4bj1cokjR9yH9RKuro6TQ1CRzBzWxnDHtlS1Qoj8yiF0QExRx3Nn16N8gsdAKDC9r3gPV++hh8RO2u4eWw==",
      "license": "MIT"
    }
  }
}
